
Microsoft Visual Studio Solution File, Format Version 12.00
# Visual Studio Version 16
VisualStudioVersion = 16.0.29009.5
MinimumVisualStudioVersion = 10.0.40219.1
Project("{FAE04EC0-301F-11D3-BF4B-00C04F79EFBC}") = "ConsignmentShopUI", "ConsignmentShopUI\ConsignmentShopUI.csproj", "{ECD0A592-130F-4AA1-A569-5873074623EF}"
EndProject
Project("{FAE04EC0-301F-11D3-BF4B-00C04F79EFBC}") = "ConsignmentShopLibrary", "ConsignmentShopLibrary\ConsignmentShopLibrary.csproj", "{1E3865B0-32F7-47AF-8B77-F79856082DE8}"
EndProject
Global
	GlobalSection(SolutionConfigurationPlatforms) = preSolution
		Debug|Any CPU = Debug|Any CPU
		Release|Any CPU = Release|Any CPU
	EndGlobalSection
	GlobalSection(ProjectConfigurationPlatforms) = postSolution
		{ECD0A592-130F-4AA1-A569-5873074623EF}.Debug|Any CPU.ActiveCfg = Debug|Any CPU
		{ECD0A592-130F-4AA1-A569-5873074623EF}.Debug|Any CPU.Build.0 = Debug|Any CPU
		{ECD0A592-130F-4AA1-A569-5873074623EF}.Release|Any CPU.ActiveCfg = Release|Any CPU
		{ECD0A592-130F-4AA1-A569-5873074623EF}.Release|Any CPU.Build.0 = Release|Any CPU
		{1E3865B0-32F7-47AF-8B77-F79856082DE8}.Debug|Any CPU.ActiveCfg = Debug|Any CPU
		{1E3865B0-32F7-47AF-8B77-F79856082DE8}.Debug|Any CPU.Build.0 = Debug|Any CPU
		{1E3865B0-32F7-47AF-8B77-F79856082DE8}.Release|Any CPU.ActiveCfg = Release|Any CPU
		{1E3865B0-32F7-47AF-8B77-F79856082DE8}.Release|Any CPU.Build.0 = Release|Any CPU
	EndGlobalSection
	GlobalSection(SolutionProperties) = preSolution
		HideSolutionNode = FALSE
	EndGlobalSection
	GlobalSection(ExtensibilityGlobals) = postSolution
		SolutionGuid = {1513F3AC-188A-47C1-9B02-02611D2A6F5E}
	EndGlobalSection
EndGlobal
